// !$*UTF8*$!
{
	archiveVersion = 1;
	classes = {
	};
	objectVersion = 51;
	objects = {

/* Begin PBXBuildFile section */
		8410944024C3ECCC004032B4 /* RankListTableViewController.swift in Sources */ = {isa = PBXBuildFile; fileRef = 8410943F24C3ECCC004032B4 /* RankListTableViewController.swift */; };
		8418814624C1F11800ED7BFF /* VideoNewsViewController.swift in Sources */ = {isa = PBXBuildFile; fileRef = 8418814524C1F11800ED7BFF /* VideoNewsViewController.swift */; };
		8418814A24C21F3500ED7BFF /* Article.swift in Sources */ = {isa = PBXBuildFile; fileRef = 8418814924C21F3500ED7BFF /* Article.swift */; };
		8418814C24C223AE00ED7BFF /* ArticleController.swift in Sources */ = {isa = PBXBuildFile; fileRef = 8418814B24C223AE00ED7BFF /* ArticleController.swift */; };
		8418814F24C227B200ED7BFF /* ArticleError.swift in Sources */ = {isa = PBXBuildFile; fileRef = 8418814E24C227B200ED7BFF /* ArticleError.swift */; };
		8418815224C2315200ED7BFF /* ArticleTableViewCell.swift in Sources */ = {isa = PBXBuildFile; fileRef = 8418815124C2315200ED7BFF /* ArticleTableViewCell.swift */; };
		8418815424C2325000ED7BFF /* ArticleListTableViewController.swift in Sources */ = {isa = PBXBuildFile; fileRef = 8418815324C2325000ED7BFF /* ArticleListTableViewController.swift */; };
		8418815624C2395100ED7BFF /* ErrorActionSheetExtension.swift in Sources */ = {isa = PBXBuildFile; fileRef = 8418815524C2395000ED7BFF /* ErrorActionSheetExtension.swift */; };
		8418815824C23A6F00ED7BFF /* ArticleListViewController.swift in Sources */ = {isa = PBXBuildFile; fileRef = 8418815724C23A6F00ED7BFF /* ArticleListViewController.swift */; };
		8450E62724BD54A100E8F512 /* AppDelegate.swift in Sources */ = {isa = PBXBuildFile; fileRef = 8450E62624BD54A100E8F512 /* AppDelegate.swift */; };
		8450E62924BD54A100E8F512 /* SceneDelegate.swift in Sources */ = {isa = PBXBuildFile; fileRef = 8450E62824BD54A100E8F512 /* SceneDelegate.swift */; };
		8450E62B24BD54A100E8F512 /* ViewController.swift in Sources */ = {isa = PBXBuildFile; fileRef = 8450E62A24BD54A100E8F512 /* ViewController.swift */; };
		8450E62E24BD54A100E8F512 /* Main.storyboard in Resources */ = {isa = PBXBuildFile; fileRef = 8450E62C24BD54A100E8F512 /* Main.storyboard */; };
		8450E63124BD54A100E8F512 /* BaseballGame.xcdatamodeld in Sources */ = {isa = PBXBuildFile; fileRef = 8450E62F24BD54A100E8F512 /* BaseballGame.xcdatamodeld */; };
		8450E63324BD54A400E8F512 /* Assets.xcassets in Resources */ = {isa = PBXBuildFile; fileRef = 8450E63224BD54A400E8F512 /* Assets.xcassets */; };
		8450E63624BD54A400E8F512 /* LaunchScreen.storyboard in Resources */ = {isa = PBXBuildFile; fileRef = 8450E63424BD54A400E8F512 /* LaunchScreen.storyboard */; };
		8450E6BC24C14EF100E8F512 /* Ball.swift in Sources */ = {isa = PBXBuildFile; fileRef = 8450E6BB24C14EF000E8F512 /* Ball.swift */; };
		D082B706F272799F1DBC8DBA /* Pods_BaseballGame.framework in Frameworks */ = {isa = PBXBuildFile; fileRef = 73EA5E75E41B74ED4AC2D37A /* Pods_BaseballGame.framework */; };
/* End PBXBuildFile section */

/* Begin PBXFileReference section */
		437940DD0CA017544C8C0E4D /* Pods-BaseballGame.debug.xcconfig */ = {isa = PBXFileReference; includeInIndex = 1; lastKnownFileType = text.xcconfig; name = "Pods-BaseballGame.debug.xcconfig"; path = "Target Support Files/Pods-BaseballGame/Pods-BaseballGame.debug.xcconfig"; sourceTree = "<group>"; };
		567168F2031A05567AE19CE3 /* Pods-BaseballGame.release.xcconfig */ = {isa = PBXFileReference; includeInIndex = 1; lastKnownFileType = text.xcconfig; name = "Pods-BaseballGame.release.xcconfig"; path = "Target Support Files/Pods-BaseballGame/Pods-BaseballGame.release.xcconfig"; sourceTree = "<group>"; };
		73EA5E75E41B74ED4AC2D37A /* Pods_BaseballGame.framework */ = {isa = PBXFileReference; explicitFileType = wrapper.framework; includeInIndex = 0; path = Pods_BaseballGame.framework; sourceTree = BUILT_PRODUCTS_DIR; };
		8410943F24C3ECCC004032B4 /* RankListTableViewController.swift */ = {isa = PBXFileReference; lastKnownFileType = sourcecode.swift; path = RankListTableViewController.swift; sourceTree = "<group>"; };
		8418814524C1F11800ED7BFF /* VideoNewsViewController.swift */ = {isa = PBXFileReference; lastKnownFileType = sourcecode.swift; path = VideoNewsViewController.swift; sourceTree = "<group>"; };
		8418814924C21F3500ED7BFF /* Article.swift */ = {isa = PBXFileReference; lastKnownFileType = sourcecode.swift; path = Article.swift; sourceTree = "<group>"; };
		8418814B24C223AE00ED7BFF /* ArticleController.swift */ = {isa = PBXFileReference; lastKnownFileType = sourcecode.swift; path = ArticleController.swift; sourceTree = "<group>"; };
		8418814E24C227B200ED7BFF /* ArticleError.swift */ = {isa = PBXFileReference; lastKnownFileType = sourcecode.swift; path = ArticleError.swift; sourceTree = "<group>"; };
		8418815124C2315200ED7BFF /* ArticleTableViewCell.swift */ = {isa = PBXFileReference; lastKnownFileType = sourcecode.swift; path = ArticleTableViewCell.swift; sourceTree = "<group>"; };
		8418815324C2325000ED7BFF /* ArticleListTableViewController.swift */ = {isa = PBXFileReference; lastKnownFileType = sourcecode.swift; path = ArticleListTableViewController.swift; sourceTree = "<group>"; };
		8418815524C2395000ED7BFF /* ErrorActionSheetExtension.swift */ = {isa = PBXFileReference; fileEncoding = 4; lastKnownFileType = sourcecode.swift; path = ErrorActionSheetExtension.swift; sourceTree = "<group>"; };
		8418815724C23A6F00ED7BFF /* ArticleListViewController.swift */ = {isa = PBXFileReference; lastKnownFileType = sourcecode.swift; path = ArticleListViewController.swift; sourceTree = "<group>"; };
		8450E62324BD54A100E8F512 /* BaseballGame.app */ = {isa = PBXFileReference; explicitFileType = wrapper.application; includeInIndex = 0; path = BaseballGame.app; sourceTree = BUILT_PRODUCTS_DIR; };
		8450E62624BD54A100E8F512 /* AppDelegate.swift */ = {isa = PBXFileReference; lastKnownFileType = sourcecode.swift; path = AppDelegate.swift; sourceTree = "<group>"; };
		8450E62824BD54A100E8F512 /* SceneDelegate.swift */ = {isa = PBXFileReference; lastKnownFileType = sourcecode.swift; path = SceneDelegate.swift; sourceTree = "<group>"; };
		8450E62A24BD54A100E8F512 /* ViewController.swift */ = {isa = PBXFileReference; lastKnownFileType = sourcecode.swift; path = ViewController.swift; sourceTree = "<group>"; };
		8450E62D24BD54A100E8F512 /* Base */ = {isa = PBXFileReference; lastKnownFileType = file.storyboard; name = Base; path = Base.lproj/Main.storyboard; sourceTree = "<group>"; };
		8450E63024BD54A100E8F512 /* BaseballGame.xcdatamodel */ = {isa = PBXFileReference; lastKnownFileType = wrapper.xcdatamodel; path = BaseballGame.xcdatamodel; sourceTree = "<group>"; };
		8450E63224BD54A400E8F512 /* Assets.xcassets */ = {isa = PBXFileReference; lastKnownFileType = folder.assetcatalog; path = Assets.xcassets; sourceTree = "<group>"; };
		8450E63524BD54A400E8F512 /* Base */ = {isa = PBXFileReference; lastKnownFileType = file.storyboard; name = Base; path = Base.lproj/LaunchScreen.storyboard; sourceTree = "<group>"; };
		8450E63724BD54A400E8F512 /* Info.plist */ = {isa = PBXFileReference; lastKnownFileType = text.plist.xml; path = Info.plist; sourceTree = "<group>"; };
		8450E6BB24C14EF000E8F512 /* Ball.swift */ = {isa = PBXFileReference; lastKnownFileType = sourcecode.swift; path = Ball.swift; sourceTree = "<group>"; };
/* End PBXFileReference section */

/* Begin PBXFrameworksBuildPhase section */
		8450E62024BD54A100E8F512 /* Frameworks */ = {
			isa = PBXFrameworksBuildPhase;
			buildActionMask = 2147483647;
			files = (
				D082B706F272799F1DBC8DBA /* Pods_BaseballGame.framework in Frameworks */,
			);
			runOnlyForDeploymentPostprocessing = 0;
		};
/* End PBXFrameworksBuildPhase section */

/* Begin PBXGroup section */
		500BE96A40656F028C68B3B2 /* Pods */ = {
			isa = PBXGroup;
			children = (
				437940DD0CA017544C8C0E4D /* Pods-BaseballGame.debug.xcconfig */,
				567168F2031A05567AE19CE3 /* Pods-BaseballGame.release.xcconfig */,
			);
			path = Pods;
			sourceTree = "<group>";
		};
		501855CB263C8923BA81EEFE /* Frameworks */ = {
			isa = PBXGroup;
			children = (
				73EA5E75E41B74ED4AC2D37A /* Pods_BaseballGame.framework */,
			);
			name = Frameworks;
			sourceTree = "<group>";
		};
		8418815024C22E0100ED7BFF /* Helper + Extension */ = {
			isa = PBXGroup;
			children = (
				8418815524C2395000ED7BFF /* ErrorActionSheetExtension.swift */,
				8418814E24C227B200ED7BFF /* ArticleError.swift */,
			);
			path = "Helper + Extension";
			sourceTree = "<group>";
		};
		8450E61A24BD54A100E8F512 = {
			isa = PBXGroup;
			children = (
				8450E62524BD54A100E8F512 /* BaseballGame */,
				8450E62424BD54A100E8F512 /* Products */,
				500BE96A40656F028C68B3B2 /* Pods */,
				501855CB263C8923BA81EEFE /* Frameworks */,
			);
			sourceTree = "<group>";
		};
		8450E62424BD54A100E8F512 /* Products */ = {
			isa = PBXGroup;
			children = (
				8450E62324BD54A100E8F512 /* BaseballGame.app */,
			);
			name = Products;
			sourceTree = "<group>";
		};
		8450E62524BD54A100E8F512 /* BaseballGame */ = {
			isa = PBXGroup;
			children = (
				8418815024C22E0100ED7BFF /* Helper + Extension */,
				8450E6B824C1461700E8F512 /* Models */,
				8450E6B724C1461100E8F512 /* Views */,
				8450E6B624C1460A00E8F512 /* Controllers */,
				8450E63D24BD54B600E8F512 /* Resources */,
			);
			path = BaseballGame;
			sourceTree = "<group>";
		};
		8450E63D24BD54B600E8F512 /* Resources */ = {
			isa = PBXGroup;
			children = (
				8450E62624BD54A100E8F512 /* AppDelegate.swift */,
				8450E62824BD54A100E8F512 /* SceneDelegate.swift */,
				8450E63224BD54A400E8F512 /* Assets.xcassets */,
				8450E63424BD54A400E8F512 /* LaunchScreen.storyboard */,
				8450E63724BD54A400E8F512 /* Info.plist */,
				8450E62F24BD54A100E8F512 /* BaseballGame.xcdatamodeld */,
			);
			path = Resources;
			sourceTree = "<group>";
		};
		8450E6B624C1460A00E8F512 /* Controllers */ = {
			isa = PBXGroup;
			children = (
				8450E6BA24C1462A00E8F512 /* ModelController */,
				8450E6B924C1461E00E8F512 /* ViewController */,
			);
			path = Controllers;
			sourceTree = "<group>";
		};
		8450E6B724C1461100E8F512 /* Views */ = {
			isa = PBXGroup;
			children = (
				8450E62C24BD54A100E8F512 /* Main.storyboard */,
			);
			path = Views;
			sourceTree = "<group>";
		};
		8450E6B824C1461700E8F512 /* Models */ = {
			isa = PBXGroup;
			children = (
				8450E6BB24C14EF000E8F512 /* Ball.swift */,
				8418814924C21F3500ED7BFF /* Article.swift */,
			);
			path = Models;
			sourceTree = "<group>";
		};
		8450E6B924C1461E00E8F512 /* ViewController */ = {
			isa = PBXGroup;
			children = (
				8450E62A24BD54A100E8F512 /* ViewController.swift */,
				8418814524C1F11800ED7BFF /* VideoNewsViewController.swift */,
				8418815324C2325000ED7BFF /* ArticleListTableViewController.swift */,
				8418815124C2315200ED7BFF /* ArticleTableViewCell.swift */,
				8418815724C23A6F00ED7BFF /* ArticleListViewController.swift */,
				8410943F24C3ECCC004032B4 /* RankListTableViewController.swift */,
			);
			path = ViewController;
			sourceTree = "<group>";
		};
		8450E6BA24C1462A00E8F512 /* ModelController */ = {
			isa = PBXGroup;
			children = (
				8418814B24C223AE00ED7BFF /* ArticleController.swift */,
			);
			path = ModelController;
			sourceTree = "<group>";
		};
/* End PBXGroup section */

/* Begin PBXNativeTarget section */
		8450E62224BD54A100E8F512 /* BaseballGame */ = {
			isa = PBXNativeTarget;
			buildConfigurationList = 8450E63A24BD54A400E8F512 /* Build configuration list for PBXNativeTarget "BaseballGame" */;
			buildPhases = (
				739963A058B92A795780AF44 /* [CP] Check Pods Manifest.lock */,
				8450E61F24BD54A100E8F512 /* Sources */,
				8450E62024BD54A100E8F512 /* Frameworks */,
				8450E62124BD54A100E8F512 /* Resources */,
				090F40E488221445D172634C /* [CP] Embed Pods Frameworks */,
			);
			buildRules = (
			);
			dependencies = (
			);
			name = BaseballGame;
			productName = BaseballGame;
			productReference = 8450E62324BD54A100E8F512 /* BaseballGame.app */;
			productType = "com.apple.product-type.application";
		};
/* End PBXNativeTarget section */

/* Begin PBXProject section */
		8450E61B24BD54A100E8F512 /* Project object */ = {
			isa = PBXProject;
			attributes = {
				LastSwiftUpdateCheck = 1150;
				LastUpgradeCheck = 1150;
				ORGANIZATIONNAME = Admin;
				TargetAttributes = {
					8450E62224BD54A100E8F512 = {
						CreatedOnToolsVersion = 11.5;
					};
				};
			};
			buildConfigurationList = 8450E61E24BD54A100E8F512 /* Build configuration list for PBXProject "BaseballGame" */;
			compatibilityVersion = "Xcode 9.3";
			developmentRegion = en;
			hasScannedForEncodings = 0;
			knownRegions = (
				en,
				Base,
			);
			mainGroup = 8450E61A24BD54A100E8F512;
			productRefGroup = 8450E62424BD54A100E8F512 /* Products */;
			projectDirPath = "";
			projectRoot = "";
			targets = (
				8450E62224BD54A100E8F512 /* BaseballGame */,
			);
		};
/* End PBXProject section */

/* Begin PBXResourcesBuildPhase section */
		8450E62124BD54A100E8F512 /* Resources */ = {
			isa = PBXResourcesBuildPhase;
			buildActionMask = 2147483647;
			files = (
				8450E63624BD54A400E8F512 /* LaunchScreen.storyboard in Resources */,
				8450E63324BD54A400E8F512 /* Assets.xcassets in Resources */,
				8450E62E24BD54A100E8F512 /* Main.storyboard in Resources */,
			);
			runOnlyForDeploymentPostprocessing = 0;
		};
/* End PBXResourcesBuildPhase section */

/* Begin PBXShellScriptBuildPhase section */
		090F40E488221445D172634C /* [CP] Embed Pods Frameworks */ = {
			isa = PBXShellScriptBuildPhase;
			buildActionMask = 2147483647;
			files = (
			);
			inputFileListPaths = (
				"${PODS_ROOT}/Target Support Files/Pods-BaseballGame/Pods-BaseballGame-frameworks-${CONFIGURATION}-input-files.xcfilelist",
			);
			name = "[CP] Embed Pods Frameworks";
			outputFileListPaths = (
				"${PODS_ROOT}/Target Support Files/Pods-BaseballGame/Pods-BaseballGame-frameworks-${CONFIGURATION}-output-files.xcfilelist",
			);
			runOnlyForDeploymentPostprocessing = 0;
			shellPath = /bin/sh;
			shellScript = "\"${PODS_ROOT}/Target Support Files/Pods-BaseballGame/Pods-BaseballGame-frameworks.sh\"\n";
			showEnvVarsInLog = 0;
		};
		739963A058B92A795780AF44 /* [CP] Check Pods Manifest.lock */ = {
			isa = PBXShellScriptBuildPhase;
			buildActionMask = 2147483647;
			files = (
			);
			inputFileListPaths = (
			);
			inputPaths = (
				"${PODS_PODFILE_DIR_PATH}/Podfile.lock",
				"${PODS_ROOT}/Manifest.lock",
			);
			name = "[CP] Check Pods Manifest.lock";
			outputFileListPaths = (
			);
			outputPaths = (
				"$(DERIVED_FILE_DIR)/Pods-BaseballGame-checkManifestLockResult.txt",
			);
			runOnlyForDeploymentPostprocessing = 0;
			shellPath = /bin/sh;
			shellScript = "diff \"${PODS_PODFILE_DIR_PATH}/Podfile.lock\" \"${PODS_ROOT}/Manifest.lock\" > /dev/null\nif [ $? != 0 ] ; then\n    # print error to STDERR\n    echo \"error: The sandbox is not in sync with the Podfile.lock. Run 'pod install' or update your CocoaPods installation.\" >&2\n    exit 1\nfi\n# This output is used by Xcode 'outputs' to avoid re-running this script phase.\necho \"SUCCESS\" > \"${SCRIPT_OUTPUT_FILE_0}\"\n";
			showEnvVarsInLog = 0;
		};
/* End PBXShellScriptBuildPhase section */

/* Begin PBXSourcesBuildPhase section */
		8450E61F24BD54A100E8F512 /* Sources */ = {
			isa = PBXSourcesBuildPhase;
			buildActionMask = 2147483647;
			files = (
				8418815224C2315200ED7BFF /* ArticleTableViewCell.swift in Sources */,
				8418815424C2325000ED7BFF /* ArticleListTableViewController.swift in Sources */,
				8450E62B24BD54A100E8F512 /* ViewController.swift in Sources */,
				8450E63124BD54A100E8F512 /* BaseballGame.xcdatamodeld in Sources */,
				8418815624C2395100ED7BFF /* ErrorActionSheetExtension.swift in Sources */,
				8418814C24C223AE00ED7BFF /* ArticleController.swift in Sources */,
				8450E6BC24C14EF100E8F512 /* Ball.swift in Sources */,
				8418814F24C227B200ED7BFF /* ArticleError.swift in Sources */,
				8418815824C23A6F00ED7BFF /* ArticleListViewController.swift in Sources */,
				8410944024C3ECCC004032B4 /* RankListTableViewController.swift in Sources */,
				8450E62724BD54A100E8F512 /* AppDelegate.swift in Sources */,
				8418814A24C21F3500ED7BFF /* Article.swift in Sources */,
				8450E62924BD54A100E8F512 /* SceneDelegate.swift in Sources */,
				8418814624C1F11800ED7BFF /* VideoNewsViewController.swift in Sources */,
			);
			runOnlyForDeploymentPostprocessing = 0;
		};
/* End PBXSourcesBuildPhase section */

/* Begin PBXVariantGroup section */
		8450E62C24BD54A100E8F512 /* Main.storyboard */ = {
			isa = PBXVariantGroup;
			children = (
				8450E62D24BD54A100E8F512 /* Base */,
			);
			name = Main.storyboard;
			sourceTree = "<group>";
		};
		8450E63424BD54A400E8F512 /* LaunchScreen.storyboard */ = {
			isa = PBXVariantGroup;
			children = (
				8450E63524BD54A400E8F512 /* Base */,
			);
			name = LaunchScreen.storyboard;
			sourceTree = "<group>";
		};
/* End PBXVariantGroup section */

/* Begin XCBuildConfiguration section */
		8450E63824BD54A400E8F512 /* Debug */ = {
			isa = XCBuildConfiguration;
			buildSettings = {
				ALWAYS_SEARCH_USER_PATHS = NO;
				CLANG_ANALYZER_NONNULL = YES;
				CLANG_ANALYZER_NUMBER_OBJECT_CONVERSION = YES_AGGRESSIVE;
				CLANG_CXX_LANGUAGE_STANDARD = "gnu++14";
				CLANG_CXX_LIBRARY = "libc++";
				CLANG_ENABLE_MODULES = YES;
				CLANG_ENABLE_OBJC_ARC = YES;
				CLANG_ENABLE_OBJC_WEAK = YES;
				CLANG_WARN_BLOCK_CAPTURE_AUTORELEASING = YES;
				CLANG_WARN_BOOL_CONVERSION = YES;
				CLANG_WARN_COMMA = YES;
				CLANG_WARN_CONSTANT_CONVERSION = YES;
				CLANG_WARN_DEPRECATED_OBJC_IMPLEMENTATIONS = YES;
				CLANG_WARN_DIRECT_OBJC_ISA_USAGE = YES_ERROR;
				CLANG_WARN_DOCUMENTATION_COMMENTS = YES;
				CLANG_WARN_EMPTY_BODY = YES;
				CLANG_WARN_ENUM_CONVERSION = YES;
				CLANG_WARN_INFINITE_RECURSION = YES;
				CLANG_WARN_INT_CONVERSION = YES;
				CLANG_WARN_NON_LITERAL_NULL_CONVERSION = YES;
				CLANG_WARN_OBJC_IMPLICIT_RETAIN_SELF = YES;
				CLANG_WARN_OBJC_LITERAL_CONVERSION = YES;
				CLANG_WARN_OBJC_ROOT_CLASS = YES_ERROR;
				CLANG_WARN_RANGE_LOOP_ANALYSIS = YES;
				CLANG_WARN_STRICT_PROTOTYPES = YES;
				CLANG_WARN_SUSPICIOUS_MOVE = YES;
				CLANG_WARN_UNGUARDED_AVAILABILITY = YES_AGGRESSIVE;
				CLANG_WARN_UNREACHABLE_CODE = YES;
				CLANG_WARN__DUPLICATE_METHOD_MATCH = YES;
				COPY_PHASE_STRIP = NO;
				DEBUG_INFORMATION_FORMAT = dwarf;
				ENABLE_STRICT_OBJC_MSGSEND = YES;
				ENABLE_TESTABILITY = YES;
				GCC_C_LANGUAGE_STANDARD = gnu11;
				GCC_DYNAMIC_NO_PIC = NO;
				GCC_NO_COMMON_BLOCKS = YES;
				GCC_OPTIMIZATION_LEVEL = 0;
				GCC_PREPROCESSOR_DEFINITIONS = (
					"DEBUG=1",
					"$(inherited)",
				);
				GCC_WARN_64_TO_32_BIT_CONVERSION = YES;
				GCC_WARN_ABOUT_RETURN_TYPE = YES_ERROR;
				GCC_WARN_UNDECLARED_SELECTOR = YES;
				GCC_WARN_UNINITIALIZED_AUTOS = YES_AGGRESSIVE;
				GCC_WARN_UNUSED_FUNCTION = YES;
				GCC_WARN_UNUSED_VARIABLE = YES;
				IPHONEOS_DEPLOYMENT_TARGET = 13.5;
				MTL_ENABLE_DEBUG_INFO = INCLUDE_SOURCE;
				MTL_FAST_MATH = YES;
				ONLY_ACTIVE_ARCH = YES;
				SDKROOT = iphoneos;
				SWIFT_ACTIVE_COMPILATION_CONDITIONS = DEBUG;
				SWIFT_OPTIMIZATION_LEVEL = "-Onone";
			};
			name = Debug;
		};
		8450E63924BD54A400E8F512 /* Release */ = {
			isa = XCBuildConfiguration;
			buildSettings = {
				ALWAYS_SEARCH_USER_PATHS = NO;
				CLANG_ANALYZER_NONNULL = YES;
				CLANG_ANALYZER_NUMBER_OBJECT_CONVERSION = YES_AGGRESSIVE;
				CLANG_CXX_LANGUAGE_STANDARD = "gnu++14";
				CLANG_CXX_LIBRARY = "libc++";
				CLANG_ENABLE_MODULES = YES;
				CLANG_ENABLE_OBJC_ARC = YES;
				CLANG_ENABLE_OBJC_WEAK = YES;
				CLANG_WARN_BLOCK_CAPTURE_AUTORELEASING = YES;
				CLANG_WARN_BOOL_CONVERSION = YES;
				CLANG_WARN_COMMA = YES;
				CLANG_WARN_CONSTANT_CONVERSION = YES;
				CLANG_WARN_DEPRECATED_OBJC_IMPLEMENTATIONS = YES;
				CLANG_WARN_DIRECT_OBJC_ISA_USAGE = YES_ERROR;
				CLANG_WARN_DOCUMENTATION_COMMENTS = YES;
				CLANG_WARN_EMPTY_BODY = YES;
				CLANG_WARN_ENUM_CONVERSION = YES;
				CLANG_WARN_INFINITE_RECURSION = YES;
				CLANG_WARN_INT_CONVERSION = YES;
				CLANG_WARN_NON_LITERAL_NULL_CONVERSION = YES;
				CLANG_WARN_OBJC_IMPLICIT_RETAIN_SELF = YES;
				CLANG_WARN_OBJC_LITERAL_CONVERSION = YES;
				CLANG_WARN_OBJC_ROOT_CLASS = YES_ERROR;
				CLANG_WARN_RANGE_LOOP_ANALYSIS = YES;
				CLANG_WARN_STRICT_PROTOTYPES = YES;
				CLANG_WARN_SUSPICIOUS_MOVE = YES;
				CLANG_WARN_UNGUARDED_AVAILABILITY = YES_AGGRESSIVE;
				CLANG_WARN_UNREACHABLE_CODE = YES;
				CLANG_WARN__DUPLICATE_METHOD_MATCH = YES;
				COPY_PHASE_STRIP = NO;
				DEBUG_INFORMATION_FORMAT = "dwarf-with-dsym";
				ENABLE_NS_ASSERTIONS = NO;
				ENABLE_STRICT_OBJC_MSGSEND = YES;
				GCC_C_LANGUAGE_STANDARD = gnu11;
				GCC_NO_COMMON_BLOCKS = YES;
				GCC_WARN_64_TO_32_BIT_CONVERSION = YES;
				GCC_WARN_ABOUT_RETURN_TYPE = YES_ERROR;
				GCC_WARN_UNDECLARED_SELECTOR = YES;
				GCC_WARN_UNINITIALIZED_AUTOS = YES_AGGRESSIVE;
				GCC_WARN_UNUSED_FUNCTION = YES;
				GCC_WARN_UNUSED_VARIABLE = YES;
				IPHONEOS_DEPLOYMENT_TARGET = 13.5;
				MTL_ENABLE_DEBUG_INFO = NO;
				MTL_FAST_MATH = YES;
				SDKROOT = iphoneos;
				SWIFT_COMPILATION_MODE = wholemodule;
				SWIFT_OPTIMIZATION_LEVEL = "-O";
				VALIDATE_PRODUCT = YES;
			};
			name = Release;
		};
		8450E63B24BD54A400E8F512 /* Debug */ = {
			isa = XCBuildConfiguration;
			baseConfigurationReference = 437940DD0CA017544C8C0E4D /* Pods-BaseballGame.debug.xcconfig */;
			buildSettings = {
				ASSETCATALOG_COMPILER_APPICON_NAME = AppIcon;
				CODE_SIGN_STYLE = Automatic;
				DEVELOPMENT_TEAM = Z6S8PVK4V9;
				INFOPLIST_FILE = "$(SRCROOT)/BaseballGame/Resources/Info.plist";
				LD_RUNPATH_SEARCH_PATHS = (
					"$(inherited)",
					"@executable_path/Frameworks",
				);
				PRODUCT_BUNDLE_IDENTIFIER = com.iljoochae.BaseballGame;
				PRODUCT_NAME = "$(TARGET_NAME)";
				SWIFT_VERSION = 5.0;
				TARGETED_DEVICE_FAMILY = "1,2";
			};
			name = Debug;
		};
		8450E63C24BD54A400E8F512 /* Release */ = {
			isa = XCBuildConfiguration;
			baseConfigurationReference = 567168F2031A05567AE19CE3 /* Pods-BaseballGame.release.xcconfig */;
			buildSettings = {
				ASSETCATALOG_COMPILER_APPICON_NAME = AppIcon;
				CODE_SIGN_STYLE = Automatic;
				DEVELOPMENT_TEAM = Z6S8PVK4V9;
				INFOPLIST_FILE = "$(SRCROOT)/BaseballGame/Resources/Info.plist";
				LD_RUNPATH_SEARCH_PATHS = (
					"$(inherited)",
					"@executable_path/Frameworks",
				);
				PRODUCT_BUNDLE_IDENTIFIER = com.iljoochae.BaseballGame;
				PRODUCT_NAME = "$(TARGET_NAME)";
				SWIFT_VERSION = 5.0;
				TARGETED_DEVICE_FAMILY = "1,2";
			};
			name = Release;
		};
/* End XCBuildConfiguration section */

/* Begin XCConfigurationList section */
		8450E61E24BD54A100E8F512 /* Build configuration list for PBXProject "BaseballGame" */ = {
			isa = XCConfigurationList;
			buildConfigurations = (
				8450E63824BD54A400E8F512 /* Debug */,
				8450E63924BD54A400E8F512 /* Release */,
			);
			defaultConfigurationIsVisible = 0;
			defaultConfigurationName = Release;
		};
		8450E63A24BD54A400E8F512 /* Build configuration list for PBXNativeTarget "BaseballGame" */ = {
			isa = XCConfigurationList;
			buildConfigurations = (
				8450E63B24BD54A400E8F512 /* Debug */,
				8450E63C24BD54A400E8F512 /* Release */,
			);
			defaultConfigurationIsVisible = 0;
			defaultConfigurationName = Release;
		};
/* End XCConfigurationList section */

/* Begin XCVersionGroup section */
		8450E62F24BD54A100E8F512 /* BaseballGame.xcdatamodeld */ = {
			isa = XCVersionGroup;
			children = (
				8450E63024BD54A100E8F512 /* BaseballGame.xcdatamodel */,
			);
			currentVersion = 8450E63024BD54A100E8F512 /* BaseballGame.xcdatamodel */;
			path = BaseballGame.xcdatamodeld;
			sourceTree = "<group>";
			versionGroupType = wrapper.xcdatamodel;
		};
/* End XCVersionGroup section */
	};
	rootObject = 8450E61B24BD54A100E8F512 /* Project object */;
}
